
Microsoft Visual Studio Solution File, Format Version 12.00
# Visual Studio Version 17
VisualStudioVersion = 17.5.33424.131
MinimumVisualStudioVersion = 10.0.40219.1
Project("{FAE04EC0-301F-11D3-BF4B-00C04F79EFBC}") = "IMSApp", "IMSApp\IMSApp.csproj", "{0092E05A-40E3-4064-80A4-E506A0809D6A}"
EndProject
Project("{FAE04EC0-301F-11D3-BF4B-00C04F79EFBC}") = "IMSDomainLayer", "IMSDomainLayer\IMSDomainLayer.csproj", "{BEF09594-A19D-458B-9038-FCD25154128B}"
EndProject
Project("{FAE04EC0-301F-11D3-BF4B-00C04F79EFBC}") = "IMSInterfaceLayer", "IMSInterfaceLayer\IMSInterfaceLayer.csproj", "{E910E246-AFC5-45D1-AAF5-D9ABE2B5583A}"
EndProject
Global
	GlobalSection(SolutionConfigurationPlatforms) = preSolution
		Debug|Any CPU = Debug|Any CPU
		Release|Any CPU = Release|Any CPU
	EndGlobalSection
	GlobalSection(ProjectConfigurationPlatforms) = postSolution
		{0092E05A-40E3-4064-80A4-E506A0809D6A}.Debug|Any CPU.ActiveCfg = Debug|Any CPU
		{0092E05A-40E3-4064-80A4-E506A0809D6A}.Debug|Any CPU.Build.0 = Debug|Any CPU
		{0092E05A-40E3-4064-80A4-E506A0809D6A}.Release|Any CPU.ActiveCfg = Release|Any CPU
		{0092E05A-40E3-4064-80A4-E506A0809D6A}.Release|Any CPU.Build.0 = Release|Any CPU
		{BEF09594-A19D-458B-9038-FCD25154128B}.Debug|Any CPU.ActiveCfg = Debug|Any CPU
		{BEF09594-A19D-458B-9038-FCD25154128B}.Debug|Any CPU.Build.0 = Debug|Any CPU
		{BEF09594-A19D-458B-9038-FCD25154128B}.Release|Any CPU.ActiveCfg = Release|Any CPU
		{BEF09594-A19D-458B-9038-FCD25154128B}.Release|Any CPU.Build.0 = Release|Any CPU
		{E910E246-AFC5-45D1-AAF5-D9ABE2B5583A}.Debug|Any CPU.ActiveCfg = Debug|Any CPU
		{E910E246-AFC5-45D1-AAF5-D9ABE2B5583A}.Debug|Any CPU.Build.0 = Debug|Any CPU
		{E910E246-AFC5-45D1-AAF5-D9ABE2B5583A}.Release|Any CPU.ActiveCfg = Release|Any CPU
		{E910E246-AFC5-45D1-AAF5-D9ABE2B5583A}.Release|Any CPU.Build.0 = Release|Any CPU
	EndGlobalSection
	GlobalSection(SolutionProperties) = preSolution
		HideSolutionNode = FALSE
	EndGlobalSection
	GlobalSection(ExtensibilityGlobals) = postSolution
		SolutionGuid = {F90D9504-43D8-4723-A6CD-AE5A22946722}
	EndGlobalSection
EndGlobal
